
Microsoft Visual Studio Solution File, Format Version 12.00
# Visual Studio Version 17
VisualStudioVersion = 17.5.002.0
MinimumVisualStudioVersion = 10.0.40219.1
Project("{9A19103F-16F7-4668-BE54-9A1E7A4F7556}") = "CS2", "CS2.csproj", "{C6BEECB5-0F12-47AC-BB8C-9690909CB2A2}"
EndProject
Global
	GlobalSection(SolutionConfigurationPlatforms) = preSolution
		Debug|Any CPU = Debug|Any CPU
		Release|Any CPU = Release|Any CPU
	EndGlobalSection
	GlobalSection(ProjectConfigurationPlatforms) = postSolution
		{C6BEECB5-0F12-47AC-BB8C-9690909CB2A2}.Debug|Any CPU.ActiveCfg = Debug|Any CPU
		{C6BEECB5-0F12-47AC-BB8C-9690909CB2A2}.Debug|Any CPU.Build.0 = Debug|Any CPU
		{C6BEECB5-0F12-47AC-BB8C-9690909CB2A2}.Release|Any CPU.ActiveCfg = Release|Any CPU
		{C6BEECB5-0F12-47AC-BB8C-9690909CB2A2}.Release|Any CPU.Build.0 = Release|Any CPU
	EndGlobalSection
	GlobalSection(SolutionProperties) = preSolution
		HideSolutionNode = FALSE
	EndGlobalSection
	GlobalSection(ExtensibilityGlobals) = postSolution
		SolutionGuid = {B573B37E-3ED8-436D-85EF-31F4DCD92026}
	EndGlobalSection
EndGlobal
